<Solution>
  <Folder Name="/Solution Items/">
    <File Path="AI_ASSISTANT_WORKFLOW.md" />
    <File Path="AI_WORKING_MODEL.md" />
    <File Path="ARCHITECTURE.md" />
    <File Path="Full Container and nuget possible.md" />
    <File Path="global.json" />
    <File Path="KERNEL_MODEL.md" />
    <File Path="phases.md" />
    <File Path="PLATFORM_CAPABILITY_MODEL.md" />
    <File Path="PLATFORM_OVERVIEW.md" />
    <File Path="PLATFORM_RUNTIME_ROLES.md" />
    <File Path="PROCESSING_MODEL.md" />
    <File Path="PROJECT_STRUCTURE.md" />
    <File Path="SOLUTION_COMPOSITION.md" />
    <File Path="SOLUTION_COMPOSITION_MODEL.md" />
    <File Path="systemMatrix.md" />
    <File Path="WoodOps Local LLM Substrate &amp; Platform Boundary.md" />
    <File Path="WoodOps OSS vs Custom .NET Decision Framework.md" />
    <File Path="WOODOPS_CAPABILITY_FIRST_MODEL.md" />
    <File Path="WOODOPS_OSS_STACK.md" />
    <File Path="WOODOPS_PHASE_1_IMPLEMENTATION_PLAN.md" />
    <File Path="WOODOPS_VAULT_RECOVERY.md" />
  </Folder>
  <Project Path="src/WoodOps.Host/WoodOps.Host.csproj" />
  <Project Path="src/WoodOps.Portal/WoodOps.Portal.csproj" />
  <Project Path="src/WoodOps.Shared/WoodOps.Shared.csproj" Id="a9097b73-5c0f-45f3-b0af-bc512b68ff5a" />
  <Project Path="src/WoodOps.Workers/WoodOps.Workers.csproj" />
</Solution>
